
Microsoft Visual Studio Solution File, Format Version 12.00
# Visual Studio Version 17
VisualStudioVersion = 17.7.34031.279
MinimumVisualStudioVersion = 10.0.40219.1
Project("{FAE04EC0-301F-11D3-BF4B-00C04F79EFBC}") = "Bai1", "Bai1\Bai1.csproj", "{4A7D1616-BF80-45E2-BB8A-10EDA86FABE5}"
EndProject
Global
	GlobalSection(SolutionConfigurationPlatforms) = preSolution
		Debug|Any CPU = Debug|Any CPU
		Release|Any CPU = Release|Any CPU
	EndGlobalSection
	GlobalSection(ProjectConfigurationPlatforms) = postSolution
		{4A7D1616-BF80-45E2-BB8A-10EDA86FABE5}.Debug|Any CPU.ActiveCfg = Debug|Any CPU
		{4A7D1616-BF80-45E2-BB8A-10EDA86FABE5}.Debug|Any CPU.Build.0 = Debug|Any CPU
		{4A7D1616-BF80-45E2-BB8A-10EDA86FABE5}.Release|Any CPU.ActiveCfg = Release|Any CPU
		{4A7D1616-BF80-45E2-BB8A-10EDA86FABE5}.Release|Any CPU.Build.0 = Release|Any CPU
	EndGlobalSection
	GlobalSection(SolutionProperties) = preSolution
		HideSolutionNode = FALSE
	EndGlobalSection
	GlobalSection(ExtensibilityGlobals) = postSolution
		SolutionGuid = {6DF24A02-69E8-4081-B7C3-68381D7BD94C}
	EndGlobalSection
EndGlobal
